// !$*UTF8*$!
{
	archiveVersion = 1;
	classes = {
	};
	objectVersion = 55;
	objects = {

/* Begin PBXBuildFile section */
		10C7D9EA2886C8A800D7E26F /* AppDelegate.swift in Sources */ = {isa = PBXBuildFile; fileRef = 10C7D9E92886C8A800D7E26F /* AppDelegate.swift */; };
		10C7D9EC2886C8A800D7E26F /* SceneDelegate.swift in Sources */ = {isa = PBXBuildFile; fileRef = 10C7D9EB2886C8A800D7E26F /* SceneDelegate.swift */; };
		10C7D9EE2886C8A800D7E26F /* ViewController.swift in Sources */ = {isa = PBXBuildFile; fileRef = 10C7D9ED2886C8A800D7E26F /* ViewController.swift */; };
		10C7D9F12886C8A800D7E26F /* Main.storyboard in Resources */ = {isa = PBXBuildFile; fileRef = 10C7D9EF2886C8A800D7E26F /* Main.storyboard */; };
		10C7D9F42886C8A800D7E26F /* cccc.xcdatamodeld in Sources */ = {isa = PBXBuildFile; fileRef = 10C7D9F22886C8A800D7E26F /* cccc.xcdatamodeld */; };
		10C7D9F62886C8AA00D7E26F /* Assets.xcassets in Resources */ = {isa = PBXBuildFile; fileRef = 10C7D9F52886C8AA00D7E26F /* Assets.xcassets */; };
		10C7D9F92886C8AA00D7E26F /* LaunchScreen.storyboard in Resources */ = {isa = PBXBuildFile; fileRef = 10C7D9F72886C8AA00D7E26F /* LaunchScreen.storyboard */; };
		10C7DA042886C8AB00D7E26F /* ccccTests.swift in Sources */ = {isa = PBXBuildFile; fileRef = 10C7DA032886C8AB00D7E26F /* ccccTests.swift */; };
		10C7DA0E2886C8AB00D7E26F /* ccccUITests.swift in Sources */ = {isa = PBXBuildFile; fileRef = 10C7DA0D2886C8AB00D7E26F /* ccccUITests.swift */; };
		10C7DA102886C8AB00D7E26F /* ccccUITestsLaunchTests.swift in Sources */ = {isa = PBXBuildFile; fileRef = 10C7DA0F2886C8AB00D7E26F /* ccccUITestsLaunchTests.swift */; };
/* End PBXBuildFile section */

/* Begin PBXContainerItemProxy section */
		10C7DA002886C8AB00D7E26F /* PBXContainerItemProxy */ = {
			isa = PBXContainerItemProxy;
			containerPortal = 10C7D9DE2886C8A800D7E26F /* Project object */;
			proxyType = 1;
			remoteGlobalIDString = 10C7D9E52886C8A800D7E26F;
			remoteInfo = cccc;
		};
		10C7DA0A2886C8AB00D7E26F /* PBXContainerItemProxy */ = {
			isa = PBXContainerItemProxy;
			containerPortal = 10C7D9DE2886C8A800D7E26F /* Project object */;
			proxyType = 1;
			remoteGlobalIDString = 10C7D9E52886C8A800D7E26F;
			remoteInfo = cccc;
		};
/* End PBXContainerItemProxy section */

/* Begin PBXFileReference section */
		10C7D9E62886C8A800D7E26F /* cccc.app */ = {isa = PBXFileReference; explicitFileType = wrapper.application; includeInIndex = 0; path = cccc.app; sourceTree = BUILT_PRODUCTS_DIR; };
		10C7D9E92886C8A800D7E26F /* AppDelegate.swift */ = {isa = PBXFileReference; lastKnownFileType = sourcecode.swift; path = AppDelegate.swift; sourceTree = "<group>"; };
		10C7D9EB2886C8A800D7E26F /* SceneDelegate.swift */ = {isa = PBXFileReference; lastKnownFileType = sourcecode.swift; path = SceneDelegate.swift; sourceTree = "<group>"; };
		10C7D9ED2886C8A800D7E26F /* ViewController.swift */ = {isa = PBXFileReference; lastKnownFileType = sourcecode.swift; path = ViewController.swift; sourceTree = "<group>"; };
		10C7D9F02886C8A800D7E26F /* Base */ = {isa = PBXFileReference; lastKnownFileType = file.storyboard; name = Base; path = Base.lproj/Main.storyboard; sourceTree = "<group>"; };
		10C7D9F32886C8A800D7E26F /* cccc.xcdatamodel */ = {isa = PBXFileReference; lastKnownFileType = wrapper.xcdatamodel; path = cccc.xcdatamodel; sourceTree = "<group>"; };
		10C7D9F52886C8AA00D7E26F /* Assets.xcassets */ = {isa = PBXFileReference; lastKnownFileType = folder.assetcatalog; path = Assets.xcassets; sourceTree = "<group>"; };
		10C7D9F82886C8AA00D7E26F /* Base */ = {isa = PBXFileReference; lastKnownFileType = file.storyboard; name = Base; path = Base.lproj/LaunchScreen.storyboard; sourceTree = "<group>"; };
		10C7D9FA2886C8AA00D7E26F /* Info.plist */ = {isa = PBXFileReference; lastKnownFileType = text.plist.xml; path = Info.plist; sourceTree = "<group>"; };
		10C7D9FF2886C8AB00D7E26F /* ccccTests.xctest */ = {isa = PBXFileReference; explicitFileType = wrapper.cfbundle; includeInIndex = 0; path = ccccTests.xctest; sourceTree = BUILT_PRODUCTS_DIR; };
		10C7DA032886C8AB00D7E26F /* ccccTests.swift */ = {isa = PBXFileReference; lastKnownFileType = sourcecode.swift; path = ccccTests.swift; sourceTree = "<group>"; };
		10C7DA092886C8AB00D7E26F /* ccccUITests.xctest */ = {isa = PBXFileReference; explicitFileType = wrapper.cfbundle; includeInIndex = 0; path = ccccUITests.xctest; sourceTree = BUILT_PRODUCTS_DIR; };
		10C7DA0D2886C8AB00D7E26F /* ccccUITests.swift */ = {isa = PBXFileReference; lastKnownFileType = sourcecode.swift; path = ccccUITests.swift; sourceTree = "<group>"; };
		10C7DA0F2886C8AB00D7E26F /* ccccUITestsLaunchTests.swift */ = {isa = PBXFileReference; lastKnownFileType = sourcecode.swift; path = ccccUITestsLaunchTests.swift; sourceTree = "<group>"; };
/* End PBXFileReference section */

/* Begin PBXFrameworksBuildPhase section */
		10C7D9E32886C8A800D7E26F /* Frameworks */ = {
			isa = PBXFrameworksBuildPhase;
			buildActionMask = 2147483647;
			files = (
			);
			runOnlyForDeploymentPostprocessing = 0;
		};
		10C7D9FC2886C8AB00D7E26F /* Frameworks */ = {
			isa = PBXFrameworksBuildPhase;
			buildActionMask = 2147483647;
			files = (
			);
			runOnlyForDeploymentPostprocessing = 0;
		};
		10C7DA062886C8AB00D7E26F /* Frameworks */ = {
			isa = PBXFrameworksBuildPhase;
			buildActionMask = 2147483647;
			files = (
			);
			runOnlyForDeploymentPostprocessing = 0;
		};
/* End PBXFrameworksBuildPhase section */

/* Begin PBXGroup section */
		10C7D9DD2886C8A800D7E26F = {
			isa = PBXGroup;
			children = (
				10C7D9E82886C8A800D7E26F /* cccc */,
				10C7DA022886C8AB00D7E26F /* ccccTests */,
				10C7DA0C2886C8AB00D7E26F /* ccccUITests */,
				10C7D9E72886C8A800D7E26F /* Products */,
			);
			sourceTree = "<group>";
		};
		10C7D9E72886C8A800D7E26F /* Products */ = {
			isa = PBXGroup;
			children = (
				10C7D9E62886C8A800D7E26F /* cccc.app */,
				10C7D9FF2886C8AB00D7E26F /* ccccTests.xctest */,
				10C7DA092886C8AB00D7E26F /* ccccUITests.xctest */,
			);
			name = Products;
			sourceTree = "<group>";
		};
		10C7D9E82886C8A800D7E26F /* cccc */ = {
			isa = PBXGroup;
			children = (
				10C7D9E92886C8A800D7E26F /* AppDelegate.swift */,
				10C7D9EB2886C8A800D7E26F /* SceneDelegate.swift */,
				10C7D9ED2886C8A800D7E26F /* ViewController.swift */,
				10C7D9EF2886C8A800D7E26F /* Main.storyboard */,
				10C7D9F52886C8AA00D7E26F /* Assets.xcassets */,
				10C7D9F72886C8AA00D7E26F /* LaunchScreen.storyboard */,
				10C7D9FA2886C8AA00D7E26F /* Info.plist */,
				10C7D9F22886C8A800D7E26F /* cccc.xcdatamodeld */,
			);
			path = cccc;
			sourceTree = "<group>";
		};
		10C7DA022886C8AB00D7E26F /* ccccTests */ = {
			isa = PBXGroup;
			children = (
				10C7DA032886C8AB00D7E26F /* ccccTests.swift */,
			);
			path = ccccTests;
			sourceTree = "<group>";
		};
		10C7DA0C2886C8AB00D7E26F /* ccccUITests */ = {
			isa = PBXGroup;
			children = (
				10C7DA0D2886C8AB00D7E26F /* ccccUITests.swift */,
				10C7DA0F2886C8AB00D7E26F /* ccccUITestsLaunchTests.swift */,
			);
			path = ccccUITests;
			sourceTree = "<group>";
		};
/* End PBXGroup section */

/* Begin PBXNativeTarget section */
		10C7D9E52886C8A800D7E26F /* cccc */ = {
			isa = PBXNativeTarget;
			buildConfigurationList = 10C7DA132886C8AB00D7E26F /* Build configuration list for PBXNativeTarget "cccc" */;
			buildPhases = (
				10C7D9E22886C8A800D7E26F /* Sources */,
				10C7D9E32886C8A800D7E26F /* Frameworks */,
				10C7D9E42886C8A800D7E26F /* Resources */,
			);
			buildRules = (
			);
			dependencies = (
			);
			name = cccc;
			productName = cccc;
			productReference = 10C7D9E62886C8A800D7E26F /* cccc.app */;
			productType = "com.apple.product-type.application";
		};
		10C7D9FE2886C8AB00D7E26F /* ccccTests */ = {
			isa = PBXNativeTarget;
			buildConfigurationList = 10C7DA162886C8AB00D7E26F /* Build configuration list for PBXNativeTarget "ccccTests" */;
			buildPhases = (
				10C7D9FB2886C8AB00D7E26F /* Sources */,
				10C7D9FC2886C8AB00D7E26F /* Frameworks */,
				10C7D9FD2886C8AB00D7E26F /* Resources */,
			);
			buildRules = (
			);
			dependencies = (
				10C7DA012886C8AB00D7E26F /* PBXTargetDependency */,
			);
			name = ccccTests;
			productName = ccccTests;
			productReference = 10C7D9FF2886C8AB00D7E26F /* ccccTests.xctest */;
			productType = "com.apple.product-type.bundle.unit-test";
		};
		10C7DA082886C8AB00D7E26F /* ccccUITests */ = {
			isa = PBXNativeTarget;
			buildConfigurationList = 10C7DA192886C8AB00D7E26F /* Build configuration list for PBXNativeTarget "ccccUITests" */;
			buildPhases = (
				10C7DA052886C8AB00D7E26F /* Sources */,
				10C7DA062886C8AB00D7E26F /* Frameworks */,
				10C7DA072886C8AB00D7E26F /* Resources */,
			);
			buildRules = (
			);
			dependencies = (
				10C7DA0B2886C8AB00D7E26F /* PBXTargetDependency */,
			);
			name = ccccUITests;
			productName = ccccUITests;
			productReference = 10C7DA092886C8AB00D7E26F /* ccccUITests.xctest */;
			productType = "com.apple.product-type.bundle.ui-testing";
		};
/* End PBXNativeTarget section */

/* Begin PBXProject section */
		10C7D9DE2886C8A800D7E26F /* Project object */ = {
			isa = PBXProject;
			attributes = {
				BuildIndependentTargetsInParallel = 1;
				LastSwiftUpdateCheck = 1340;
				LastUpgradeCheck = 1340;
				TargetAttributes = {
					10C7D9E52886C8A800D7E26F = {
						CreatedOnToolsVersion = 13.4.1;
					};
					10C7D9FE2886C8AB00D7E26F = {
						CreatedOnToolsVersion = 13.4.1;
						TestTargetID = 10C7D9E52886C8A800D7E26F;
					};
					10C7DA082886C8AB00D7E26F = {
						CreatedOnToolsVersion = 13.4.1;
						TestTargetID = 10C7D9E52886C8A800D7E26F;
					};
				};
			};
			buildConfigurationList = 10C7D9E12886C8A800D7E26F /* Build configuration list for PBXProject "cccc" */;
			compatibilityVersion = "Xcode 13.0";
			developmentRegion = en;
			hasScannedForEncodings = 0;
			knownRegions = (
				en,
				Base,
			);
			mainGroup = 10C7D9DD2886C8A800D7E26F;
			productRefGroup = 10C7D9E72886C8A800D7E26F /* Products */;
			projectDirPath = "";
			projectRoot = "";
			targets = (
				10C7D9E52886C8A800D7E26F /* cccc */,
				10C7D9FE2886C8AB00D7E26F /* ccccTests */,
				10C7DA082886C8AB00D7E26F /* ccccUITests */,
			);
		};
/* End PBXProject section */

/* Begin PBXResourcesBuildPhase section */
		10C7D9E42886C8A800D7E26F /* Resources */ = {
			isa = PBXResourcesBuildPhase;
			buildActionMask = 2147483647;
			files = (
				10C7D9F92886C8AA00D7E26F /* LaunchScreen.storyboard in Resources */,
				10C7D9F62886C8AA00D7E26F /* Assets.xcassets in Resources */,
				10C7D9F12886C8A800D7E26F /* Main.storyboard in Resources */,
			);
			runOnlyForDeploymentPostprocessing = 0;
		};
		10C7D9FD2886C8AB00D7E26F /* Resources */ = {
			isa = PBXResourcesBuildPhase;
			buildActionMask = 2147483647;
			files = (
			);
			runOnlyForDeploymentPostprocessing = 0;
		};
		10C7DA072886C8AB00D7E26F /* Resources */ = {
			isa = PBXResourcesBuildPhase;
			buildActionMask = 2147483647;
			files = (
			);
			runOnlyForDeploymentPostprocessing = 0;
		};
/* End PBXResourcesBuildPhase section */

/* Begin PBXSourcesBuildPhase section */
		10C7D9E22886C8A800D7E26F /* Sources */ = {
			isa = PBXSourcesBuildPhase;
			buildActionMask = 2147483647;
			files = (
				10C7D9EE2886C8A800D7E26F /* ViewController.swift in Sources */,
				10C7D9F42886C8A800D7E26F /* cccc.xcdatamodeld in Sources */,
				10C7D9EA2886C8A800D7E26F /* AppDelegate.swift in Sources */,
				10C7D9EC2886C8A800D7E26F /* SceneDelegate.swift in Sources */,
			);
			runOnlyForDeploymentPostprocessing = 0;
		};
		10C7D9FB2886C8AB00D7E26F /* Sources */ = {
			isa = PBXSourcesBuildPhase;
			buildActionMask = 2147483647;
			files = (
				10C7DA042886C8AB00D7E26F /* ccccTests.swift in Sources */,
			);
			runOnlyForDeploymentPostprocessing = 0;
		};
		10C7DA052886C8AB00D7E26F /* Sources */ = {
			isa = PBXSourcesBuildPhase;
			buildActionMask = 2147483647;
			files = (
				10C7DA102886C8AB00D7E26F /* ccccUITestsLaunchTests.swift in Sources */,
				10C7DA0E2886C8AB00D7E26F /* ccccUITests.swift in Sources */,
			);
			runOnlyForDeploymentPostprocessing = 0;
		};
/* End PBXSourcesBuildPhase section */

/* Begin PBXTargetDependency section */
		10C7DA012886C8AB00D7E26F /* PBXTargetDependency */ = {
			isa = PBXTargetDependency;
			target = 10C7D9E52886C8A800D7E26F /* cccc */;
			targetProxy = 10C7DA002886C8AB00D7E26F /* PBXContainerItemProxy */;
		};
		10C7DA0B2886C8AB00D7E26F /* PBXTargetDependency */ = {
			isa = PBXTargetDependency;
			target = 10C7D9E52886C8A800D7E26F /* cccc */;
			targetProxy = 10C7DA0A2886C8AB00D7E26F /* PBXContainerItemProxy */;
		};
/* End PBXTargetDependency section */

/* Begin PBXVariantGroup section */
		10C7D9EF2886C8A800D7E26F /* Main.storyboard */ = {
			isa = PBXVariantGroup;
			children = (
				10C7D9F02886C8A800D7E26F /* Base */,
			);
			name = Main.storyboard;
			sourceTree = "<group>";
		};
		10C7D9F72886C8AA00D7E26F /* LaunchScreen.storyboard */ = {
			isa = PBXVariantGroup;
			children = (
				10C7D9F82886C8AA00D7E26F /* Base */,
			);
			name = LaunchScreen.storyboard;
			sourceTree = "<group>";
		};
/* End PBXVariantGroup section */

/* Begin XCBuildConfiguration section */
		10C7DA112886C8AB00D7E26F /* Debug */ = {
			isa = XCBuildConfiguration;
			buildSettings = {
				ALWAYS_SEARCH_USER_PATHS = NO;
				CLANG_ANALYZER_NONNULL = YES;
				CLANG_ANALYZER_NUMBER_OBJECT_CONVERSION = YES_AGGRESSIVE;
				CLANG_CXX_LANGUAGE_STANDARD = "gnu++17";
				CLANG_ENABLE_MODULES = YES;
				CLANG_ENABLE_OBJC_ARC = YES;
				CLANG_ENABLE_OBJC_WEAK = YES;
				CLANG_WARN_BLOCK_CAPTURE_AUTORELEASING = YES;
				CLANG_WARN_BOOL_CONVERSION = YES;
				CLANG_WARN_COMMA = YES;
				CLANG_WARN_CONSTANT_CONVERSION = YES;
				CLANG_WARN_DEPRECATED_OBJC_IMPLEMENTATIONS = YES;
				CLANG_WARN_DIRECT_OBJC_ISA_USAGE = YES_ERROR;
				CLANG_WARN_DOCUMENTATION_COMMENTS = YES;
				CLANG_WARN_EMPTY_BODY = YES;
				CLANG_WARN_ENUM_CONVERSION = YES;
				CLANG_WARN_INFINITE_RECURSION = YES;
				CLANG_WARN_INT_CONVERSION = YES;
				CLANG_WARN_NON_LITERAL_NULL_CONVERSION = YES;
				CLANG_WARN_OBJC_IMPLICIT_RETAIN_SELF = YES;
				CLANG_WARN_OBJC_LITERAL_CONVERSION = YES;
				CLANG_WARN_OBJC_ROOT_CLASS = YES_ERROR;
				CLANG_WARN_QUOTED_INCLUDE_IN_FRAMEWORK_HEADER = YES;
				CLANG_WARN_RANGE_LOOP_ANALYSIS = YES;
				CLANG_WARN_STRICT_PROTOTYPES = YES;
				CLANG_WARN_SUSPICIOUS_MOVE = YES;
				CLANG_WARN_UNGUARDED_AVAILABILITY = YES_AGGRESSIVE;
				CLANG_WARN_UNREACHABLE_CODE = YES;
				CLANG_WARN__DUPLICATE_METHOD_MATCH = YES;
				COPY_PHASE_STRIP = NO;
				DEBUG_INFORMATION_FORMAT = dwarf;
				ENABLE_STRICT_OBJC_MSGSEND = YES;
				ENABLE_TESTABILITY = YES;
				GCC_C_LANGUAGE_STANDARD = gnu11;
				GCC_DYNAMIC_NO_PIC = NO;
				GCC_NO_COMMON_BLOCKS = YES;
				GCC_OPTIMIZATION_LEVEL = 0;
				GCC_PREPROCESSOR_DEFINITIONS = (
					"DEBUG=1",
					"$(inherited)",
				);
				GCC_WARN_64_TO_32_BIT_CONVERSION = YES;
				GCC_WARN_ABOUT_RETURN_TYPE = YES_ERROR;
				GCC_WARN_UNDECLARED_SELECTOR = YES;
				GCC_WARN_UNINITIALIZED_AUTOS = YES_AGGRESSIVE;
				GCC_WARN_UNUSED_FUNCTION = YES;
				GCC_WARN_UNUSED_VARIABLE = YES;
				IPHONEOS_DEPLOYMENT_TARGET = 15.5;
				MTL_ENABLE_DEBUG_INFO = INCLUDE_SOURCE;
				MTL_FAST_MATH = YES;
				ONLY_ACTIVE_ARCH = YES;
				SDKROOT = iphoneos;
				SWIFT_ACTIVE_COMPILATION_CONDITIONS = DEBUG;
				SWIFT_OPTIMIZATION_LEVEL = "-Onone";
			};
			name = Debug;
		};
		10C7DA122886C8AB00D7E26F /* Release */ = {
			isa = XCBuildConfiguration;
			buildSettings = {
				ALWAYS_SEARCH_USER_PATHS = NO;
				CLANG_ANALYZER_NONNULL = YES;
				CLANG_ANALYZER_NUMBER_OBJECT_CONVERSION = YES_AGGRESSIVE;
				CLANG_CXX_LANGUAGE_STANDARD = "gnu++17";
				CLANG_ENABLE_MODULES = YES;
				CLANG_ENABLE_OBJC_ARC = YES;
				CLANG_ENABLE_OBJC_WEAK = YES;
				CLANG_WARN_BLOCK_CAPTURE_AUTORELEASING = YES;
				CLANG_WARN_BOOL_CONVERSION = YES;
				CLANG_WARN_COMMA = YES;
				CLANG_WARN_CONSTANT_CONVERSION = YES;
				CLANG_WARN_DEPRECATED_OBJC_IMPLEMENTATIONS = YES;
				CLANG_WARN_DIRECT_OBJC_ISA_USAGE = YES_ERROR;
				CLANG_WARN_DOCUMENTATION_COMMENTS = YES;
				CLANG_WARN_EMPTY_BODY = YES;
				CLANG_WARN_ENUM_CONVERSION = YES;
				CLANG_WARN_INFINITE_RECURSION = YES;
				CLANG_WARN_INT_CONVERSION = YES;
				CLANG_WARN_NON_LITERAL_NULL_CONVERSION = YES;
				CLANG_WARN_OBJC_IMPLICIT_RETAIN_SELF = YES;
				CLANG_WARN_OBJC_LITERAL_CONVERSION = YES;
				CLANG_WARN_OBJC_ROOT_CLASS = YES_ERROR;
				CLANG_WARN_QUOTED_INCLUDE_IN_FRAMEWORK_HEADER = YES;
				CLANG_WARN_RANGE_LOOP_ANALYSIS = YES;
				CLANG_WARN_STRICT_PROTOTYPES = YES;
				CLANG_WARN_SUSPICIOUS_MOVE = YES;
				CLANG_WARN_UNGUARDED_AVAILABILITY = YES_AGGRESSIVE;
				CLANG_WARN_UNREACHABLE_CODE = YES;
				CLANG_WARN__DUPLICATE_METHOD_MATCH = YES;
				COPY_PHASE_STRIP = NO;
				DEBUG_INFORMATION_FORMAT = "dwarf-with-dsym";
				ENABLE_NS_ASSERTIONS = NO;
				ENABLE_STRICT_OBJC_MSGSEND = YES;
				GCC_C_LANGUAGE_STANDARD = gnu11;
				GCC_NO_COMMON_BLOCKS = YES;
				GCC_WARN_64_TO_32_BIT_CONVERSION = YES;
				GCC_WARN_ABOUT_RETURN_TYPE = YES_ERROR;
				GCC_WARN_UNDECLARED_SELECTOR = YES;
				GCC_WARN_UNINITIALIZED_AUTOS = YES_AGGRESSIVE;
				GCC_WARN_UNUSED_FUNCTION = YES;
				GCC_WARN_UNUSED_VARIABLE = YES;
				IPHONEOS_DEPLOYMENT_TARGET = 15.5;
				MTL_ENABLE_DEBUG_INFO = NO;
				MTL_FAST_MATH = YES;
				SDKROOT = iphoneos;
				SWIFT_COMPILATION_MODE = wholemodule;
				SWIFT_OPTIMIZATION_LEVEL = "-O";
				VALIDATE_PRODUCT = YES;
			};
			name = Release;
		};
		10C7DA142886C8AB00D7E26F /* Debug */ = {
			isa = XCBuildConfiguration;
			buildSettings = {
				ASSETCATALOG_COMPILER_APPICON_NAME = AppIcon;
				ASSETCATALOG_COMPILER_GLOBAL_ACCENT_COLOR_NAME = AccentColor;
				CODE_SIGN_STYLE = Automatic;
				CURRENT_PROJECT_VERSION = 1;
				DEVELOPMENT_TEAM = T9ZVULXTV2;
				GENERATE_INFOPLIST_FILE = YES;
				INFOPLIST_FILE = cccc/Info.plist;
				INFOPLIST_KEY_UIApplicationSupportsIndirectInputEvents = YES;
				INFOPLIST_KEY_UILaunchStoryboardName = LaunchScreen;
				INFOPLIST_KEY_UIMainStoryboardFile = Main;
				INFOPLIST_KEY_UISupportedInterfaceOrientations_iPad = "UIInterfaceOrientationPortrait UIInterfaceOrientationPortraitUpsideDown UIInterfaceOrientationLandscapeLeft UIInterfaceOrientationLandscapeRight";
				INFOPLIST_KEY_UISupportedInterfaceOrientations_iPhone = "UIInterfaceOrientationPortrait UIInterfaceOrientationLandscapeLeft UIInterfaceOrientationLandscapeRight";
				LD_RUNPATH_SEARCH_PATHS = (
					"$(inherited)",
					"@executable_path/Frameworks",
				);
				MARKETING_VERSION = 1.0;
				PRODUCT_BUNDLE_IDENTIFIER = "Jamal-Gumasov.cccc";
				PRODUCT_NAME = "$(TARGET_NAME)";
				SWIFT_EMIT_LOC_STRINGS = YES;
				SWIFT_VERSION = 5.0;
				TARGETED_DEVICE_FAMILY = "1,2";
			};
			name = Debug;
		};
		10C7DA152886C8AB00D7E26F /* Release */ = {
			isa = XCBuildConfiguration;
			buildSettings = {
				ASSETCATALOG_COMPILER_APPICON_NAME = AppIcon;
				ASSETCATALOG_COMPILER_GLOBAL_ACCENT_COLOR_NAME = AccentColor;
				CODE_SIGN_STYLE = Automatic;
				CURRENT_PROJECT_VERSION = 1;
				DEVELOPMENT_TEAM = T9ZVULXTV2;
				GENERATE_INFOPLIST_FILE = YES;
				INFOPLIST_FILE = cccc/Info.plist;
				INFOPLIST_KEY_UIApplicationSupportsIndirectInputEvents = YES;
				INFOPLIST_KEY_UILaunchStoryboardName = LaunchScreen;
				INFOPLIST_KEY_UIMainStoryboardFile = Main;
				INFOPLIST_KEY_UISupportedInterfaceOrientations_iPad = "UIInterfaceOrientationPortrait UIInterfaceOrientationPortraitUpsideDown UIInterfaceOrientationLandscapeLeft UIInterfaceOrientationLandscapeRight";
				INFOPLIST_KEY_UISupportedInterfaceOrientations_iPhone = "UIInterfaceOrientationPortrait UIInterfaceOrientationLandscapeLeft UIInterfaceOrientationLandscapeRight";
				LD_RUNPATH_SEARCH_PATHS = (
					"$(inherited)",
					"@executable_path/Frameworks",
				);
				MARKETING_VERSION = 1.0;
				PRODUCT_BUNDLE_IDENTIFIER = "Jamal-Gumasov.cccc";
				PRODUCT_NAME = "$(TARGET_NAME)";
				SWIFT_EMIT_LOC_STRINGS = YES;
				SWIFT_VERSION = 5.0;
				TARGETED_DEVICE_FAMILY = "1,2";
			};
			name = Release;
		};
		10C7DA172886C8AB00D7E26F /* Debug */ = {
			isa = XCBuildConfiguration;
			buildSettings = {
				ALWAYS_EMBED_SWIFT_STANDARD_LIBRARIES = YES;
				BUNDLE_LOADER = "$(TEST_HOST)";
				CODE_SIGN_STYLE = Automatic;
				CURRENT_PROJECT_VERSION = 1;
				DEVELOPMENT_TEAM = T9ZVULXTV2;
				GENERATE_INFOPLIST_FILE = YES;
				IPHONEOS_DEPLOYMENT_TARGET = 15.5;
				MARKETING_VERSION = 1.0;
				PRODUCT_BUNDLE_IDENTIFIER = "Jamal-Gumasov.ccccTests";
				PRODUCT_NAME = "$(TARGET_NAME)";
				SWIFT_EMIT_LOC_STRINGS = NO;
				SWIFT_VERSION = 5.0;
				TARGETED_DEVICE_FAMILY = "1,2";
				TEST_HOST = "$(BUILT_PRODUCTS_DIR)/cccc.app/cccc";
			};
			name = Debug;
		};
		10C7DA182886C8AB00D7E26F /* Release */ = {
			isa = XCBuildConfiguration;
			buildSettings = {
				ALWAYS_EMBED_SWIFT_STANDARD_LIBRARIES = YES;
				BUNDLE_LOADER = "$(TEST_HOST)";
				CODE_SIGN_STYLE = Automatic;
				CURRENT_PROJECT_VERSION = 1;
				DEVELOPMENT_TEAM = T9ZVULXTV2;
				GENERATE_INFOPLIST_FILE = YES;
				IPHONEOS_DEPLOYMENT_TARGET = 15.5;
				MARKETING_VERSION = 1.0;
				PRODUCT_BUNDLE_IDENTIFIER = "Jamal-Gumasov.ccccTests";
				PRODUCT_NAME = "$(TARGET_NAME)";
				SWIFT_EMIT_LOC_STRINGS = NO;
				SWIFT_VERSION = 5.0;
				TARGETED_DEVICE_FAMILY = "1,2";
				TEST_HOST = "$(BUILT_PRODUCTS_DIR)/cccc.app/cccc";
			};
			name = Release;
		};
		10C7DA1A2886C8AB00D7E26F /* Debug */ = {
			isa = XCBuildConfiguration;
			buildSettings = {
				ALWAYS_EMBED_SWIFT_STANDARD_LIBRARIES = YES;
				CODE_SIGN_STYLE = Automatic;
				CURRENT_PROJECT_VERSION = 1;
				DEVELOPMENT_TEAM = T9ZVULXTV2;
				GENERATE_INFOPLIST_FILE = YES;
				MARKETING_VERSION = 1.0;
				PRODUCT_BUNDLE_IDENTIFIER = "Jamal-Gumasov.ccccUITests";
				PRODUCT_NAME = "$(TARGET_NAME)";
				SWIFT_EMIT_LOC_STRINGS = NO;
				SWIFT_VERSION = 5.0;
				TARGETED_DEVICE_FAMILY = "1,2";
				TEST_TARGET_NAME = cccc;
			};
			name = Debug;
		};
		10C7DA1B2886C8AB00D7E26F /* Release */ = {
			isa = XCBuildConfiguration;
			buildSettings = {
				ALWAYS_EMBED_SWIFT_STANDARD_LIBRARIES = YES;
				CODE_SIGN_STYLE = Automatic;
				CURRENT_PROJECT_VERSION = 1;
				DEVELOPMENT_TEAM = T9ZVULXTV2;
				GENERATE_INFOPLIST_FILE = YES;
				MARKETING_VERSION = 1.0;
				PRODUCT_BUNDLE_IDENTIFIER = "Jamal-Gumasov.ccccUITests";
				PRODUCT_NAME = "$(TARGET_NAME)";
				SWIFT_EMIT_LOC_STRINGS = NO;
				SWIFT_VERSION = 5.0;
				TARGETED_DEVICE_FAMILY = "1,2";
				TEST_TARGET_NAME = cccc;
			};
			name = Release;
		};
/* End XCBuildConfiguration section */

/* Begin XCConfigurationList section */
		10C7D9E12886C8A800D7E26F /* Build configuration list for PBXProject "cccc" */ = {
			isa = XCConfigurationList;
			buildConfigurations = (
				10C7DA112886C8AB00D7E26F /* Debug */,
				10C7DA122886C8AB00D7E26F /* Release */,
			);
			defaultConfigurationIsVisible = 0;
			defaultConfigurationName = Release;
		};
		10C7DA132886C8AB00D7E26F /* Build configuration list for PBXNativeTarget "cccc" */ = {
			isa = XCConfigurationList;
			buildConfigurations = (
				10C7DA142886C8AB00D7E26F /* Debug */,
				10C7DA152886C8AB00D7E26F /* Release */,
			);
			defaultConfigurationIsVisible = 0;
			defaultConfigurationName = Release;
		};
		10C7DA162886C8AB00D7E26F /* Build configuration list for PBXNativeTarget "ccccTests" */ = {
			isa = XCConfigurationList;
			buildConfigurations = (
				10C7DA172886C8AB00D7E26F /* Debug */,
				10C7DA182886C8AB00D7E26F /* Release */,
			);
			defaultConfigurationIsVisible = 0;
			defaultConfigurationName = Release;
		};
		10C7DA192886C8AB00D7E26F /* Build configuration list for PBXNativeTarget "ccccUITests" */ = {
			isa = XCConfigurationList;
			buildConfigurations = (
				10C7DA1A2886C8AB00D7E26F /* Debug */,
				10C7DA1B2886C8AB00D7E26F /* Release */,
			);
			defaultConfigurationIsVisible = 0;
			defaultConfigurationName = Release;
		};
/* End XCConfigurationList section */

/* Begin XCVersionGroup section */
		10C7D9F22886C8A800D7E26F /* cccc.xcdatamodeld */ = {
			isa = XCVersionGroup;
			children = (
				10C7D9F32886C8A800D7E26F /* cccc.xcdatamodel */,
			);
			currentVersion = 10C7D9F32886C8A800D7E26F /* cccc.xcdatamodel */;
			path = cccc.xcdatamodeld;
			sourceTree = "<group>";
			versionGroupType = wrapper.xcdatamodel;
		};
/* End XCVersionGroup section */
	};
	rootObject = 10C7D9DE2886C8A800D7E26F /* Project object */;
}
